
Microsoft Visual Studio Solution File, Format Version 12.00
# Visual Studio Version 17
VisualStudioVersion = 17.14.36429.23
MinimumVisualStudioVersion = 10.0.40219.1
Project("{FAE04EC0-301F-11D3-BF4B-00C04F79EFBC}") = "MyMilestoneTracker", "MyMilestoneTracker\MyMilestoneTracker.csproj", "{D100146E-E30C-48D1-86DA-04ED657C06D3}"
EndProject
Global
	GlobalSection(SolutionConfigurationPlatforms) = preSolution
		Debug|Any CPU = Debug|Any CPU
		Release|Any CPU = Release|Any CPU
	EndGlobalSection
	GlobalSection(ProjectConfigurationPlatforms) = postSolution
		{D100146E-E30C-48D1-86DA-04ED657C06D3}.Debug|Any CPU.ActiveCfg = Debug|Any CPU
		{D100146E-E30C-48D1-86DA-04ED657C06D3}.Debug|Any CPU.Build.0 = Debug|Any CPU
		{D100146E-E30C-48D1-86DA-04ED657C06D3}.Debug|Any CPU.Deploy.0 = Debug|Any CPU
		{D100146E-E30C-48D1-86DA-04ED657C06D3}.Release|Any CPU.ActiveCfg = Release|Any CPU
		{D100146E-E30C-48D1-86DA-04ED657C06D3}.Release|Any CPU.Build.0 = Release|Any CPU
	EndGlobalSection
	GlobalSection(SolutionProperties) = preSolution
		HideSolutionNode = FALSE
	EndGlobalSection
	GlobalSection(ExtensibilityGlobals) = postSolution
		SolutionGuid = {870CBC92-443E-4D7C-96E4-AB2B25E1CEC7}
	EndGlobalSection
EndGlobal
